// !$*UTF8*$!
{
	archiveVersion = 1;
	classes = {
	};
	objectVersion = 56;
	objects = {

/* Begin PBXBuildFile section */
		3703E82E2A3DC81A003BC52F /* flag_raisingApp.swift in Sources */ = {isa = PBXBuildFile; fileRef = 3703E82D2A3DC81A003BC52F /* flag_raisingApp.swift */; };
		3703E8302A3DC81A003BC52F /* ContentView.swift in Sources */ = {isa = PBXBuildFile; fileRef = 3703E82F2A3DC81A003BC52F /* ContentView.swift */; };
		3703E8322A3DC81C003BC52F /* Assets.xcassets in Resources */ = {isa = PBXBuildFile; fileRef = 3703E8312A3DC81C003BC52F /* Assets.xcassets */; };
		3703E8362A3DC81C003BC52F /* Preview Assets.xcassets in Resources */ = {isa = PBXBuildFile; fileRef = 3703E8352A3DC81C003BC52F /* Preview Assets.xcassets */; };
		3703E8402A3DC81C003BC52F /* flag_raisingTests.swift in Sources */ = {isa = PBXBuildFile; fileRef = 3703E83F2A3DC81C003BC52F /* flag_raisingTests.swift */; };
		3703E84A2A3DC81C003BC52F /* flag_raisingUITests.swift in Sources */ = {isa = PBXBuildFile; fileRef = 3703E8492A3DC81C003BC52F /* flag_raisingUITests.swift */; };
		3703E84C2A3DC81C003BC52F /* flag_raisingUITestsLaunchTests.swift in Sources */ = {isa = PBXBuildFile; fileRef = 3703E84B2A3DC81C003BC52F /* flag_raisingUITestsLaunchTests.swift */; };
/* End PBXBuildFile section */

/* Begin PBXContainerItemProxy section */
		3703E83C2A3DC81C003BC52F /* PBXContainerItemProxy */ = {
			isa = PBXContainerItemProxy;
			containerPortal = 3703E8222A3DC81A003BC52F /* Project object */;
			proxyType = 1;
			remoteGlobalIDString = 3703E8292A3DC81A003BC52F;
			remoteInfo = "flag raising";
		};
		3703E8462A3DC81C003BC52F /* PBXContainerItemProxy */ = {
			isa = PBXContainerItemProxy;
			containerPortal = 3703E8222A3DC81A003BC52F /* Project object */;
			proxyType = 1;
			remoteGlobalIDString = 3703E8292A3DC81A003BC52F;
			remoteInfo = "flag raising";
		};
/* End PBXContainerItemProxy section */

/* Begin PBXFileReference section */
		3703E82A2A3DC81A003BC52F /* flag raising.app */ = {isa = PBXFileReference; explicitFileType = wrapper.application; includeInIndex = 0; path = "flag raising.app"; sourceTree = BUILT_PRODUCTS_DIR; };
		3703E82D2A3DC81A003BC52F /* flag_raisingApp.swift */ = {isa = PBXFileReference; lastKnownFileType = sourcecode.swift; path = flag_raisingApp.swift; sourceTree = "<group>"; };
		3703E82F2A3DC81A003BC52F /* ContentView.swift */ = {isa = PBXFileReference; lastKnownFileType = sourcecode.swift; path = ContentView.swift; sourceTree = "<group>"; };
		3703E8312A3DC81C003BC52F /* Assets.xcassets */ = {isa = PBXFileReference; lastKnownFileType = folder.assetcatalog; path = Assets.xcassets; sourceTree = "<group>"; };
		3703E8332A3DC81C003BC52F /* flag_raising.entitlements */ = {isa = PBXFileReference; lastKnownFileType = text.plist.entitlements; path = flag_raising.entitlements; sourceTree = "<group>"; };
		3703E8352A3DC81C003BC52F /* Preview Assets.xcassets */ = {isa = PBXFileReference; lastKnownFileType = folder.assetcatalog; path = "Preview Assets.xcassets"; sourceTree = "<group>"; };
		3703E83B2A3DC81C003BC52F /* flag raisingTests.xctest */ = {isa = PBXFileReference; explicitFileType = wrapper.cfbundle; includeInIndex = 0; path = "flag raisingTests.xctest"; sourceTree = BUILT_PRODUCTS_DIR; };
		3703E83F2A3DC81C003BC52F /* flag_raisingTests.swift */ = {isa = PBXFileReference; lastKnownFileType = sourcecode.swift; path = flag_raisingTests.swift; sourceTree = "<group>"; };
		3703E8452A3DC81C003BC52F /* flag raisingUITests.xctest */ = {isa = PBXFileReference; explicitFileType = wrapper.cfbundle; includeInIndex = 0; path = "flag raisingUITests.xctest"; sourceTree = BUILT_PRODUCTS_DIR; };
		3703E8492A3DC81C003BC52F /* flag_raisingUITests.swift */ = {isa = PBXFileReference; lastKnownFileType = sourcecode.swift; path = flag_raisingUITests.swift; sourceTree = "<group>"; };
		3703E84B2A3DC81C003BC52F /* flag_raisingUITestsLaunchTests.swift */ = {isa = PBXFileReference; lastKnownFileType = sourcecode.swift; path = flag_raisingUITestsLaunchTests.swift; sourceTree = "<group>"; };
/* End PBXFileReference section */

/* Begin PBXFrameworksBuildPhase section */
		3703E8272A3DC81A003BC52F /* Frameworks */ = {
			isa = PBXFrameworksBuildPhase;
			buildActionMask = 2147483647;
			files = (
			);
			runOnlyForDeploymentPostprocessing = 0;
		};
		3703E8382A3DC81C003BC52F /* Frameworks */ = {
			isa = PBXFrameworksBuildPhase;
			buildActionMask = 2147483647;
			files = (
			);
			runOnlyForDeploymentPostprocessing = 0;
		};
		3703E8422A3DC81C003BC52F /* Frameworks */ = {
			isa = PBXFrameworksBuildPhase;
			buildActionMask = 2147483647;
			files = (
			);
			runOnlyForDeploymentPostprocessing = 0;
		};
/* End PBXFrameworksBuildPhase section */

/* Begin PBXGroup section */
		3703E8212A3DC81A003BC52F = {
			isa = PBXGroup;
			children = (
				3703E82C2A3DC81A003BC52F /* flag raising */,
				3703E83E2A3DC81C003BC52F /* flag raisingTests */,
				3703E8482A3DC81C003BC52F /* flag raisingUITests */,
				3703E82B2A3DC81A003BC52F /* Products */,
			);
			sourceTree = "<group>";
		};
		3703E82B2A3DC81A003BC52F /* Products */ = {
			isa = PBXGroup;
			children = (
				3703E82A2A3DC81A003BC52F /* flag raising.app */,
				3703E83B2A3DC81C003BC52F /* flag raisingTests.xctest */,
				3703E8452A3DC81C003BC52F /* flag raisingUITests.xctest */,
			);
			name = Products;
			sourceTree = "<group>";
		};
		3703E82C2A3DC81A003BC52F /* flag raising */ = {
			isa = PBXGroup;
			children = (
				3703E82D2A3DC81A003BC52F /* flag_raisingApp.swift */,
				3703E82F2A3DC81A003BC52F /* ContentView.swift */,
				3703E8312A3DC81C003BC52F /* Assets.xcassets */,
				3703E8332A3DC81C003BC52F /* flag_raising.entitlements */,
				3703E8342A3DC81C003BC52F /* Preview Content */,
			);
			path = "flag raising";
			sourceTree = "<group>";
		};
		3703E8342A3DC81C003BC52F /* Preview Content */ = {
			isa = PBXGroup;
			children = (
				3703E8352A3DC81C003BC52F /* Preview Assets.xcassets */,
			);
			path = "Preview Content";
			sourceTree = "<group>";
		};
		3703E83E2A3DC81C003BC52F /* flag raisingTests */ = {
			isa = PBXGroup;
			children = (
				3703E83F2A3DC81C003BC52F /* flag_raisingTests.swift */,
			);
			path = "flag raisingTests";
			sourceTree = "<group>";
		};
		3703E8482A3DC81C003BC52F /* flag raisingUITests */ = {
			isa = PBXGroup;
			children = (
				3703E8492A3DC81C003BC52F /* flag_raisingUITests.swift */,
				3703E84B2A3DC81C003BC52F /* flag_raisingUITestsLaunchTests.swift */,
			);
			path = "flag raisingUITests";
			sourceTree = "<group>";
		};
/* End PBXGroup section */

/* Begin PBXNativeTarget section */
		3703E8292A3DC81A003BC52F /* flag raising */ = {
			isa = PBXNativeTarget;
			buildConfigurationList = 3703E84F2A3DC81C003BC52F /* Build configuration list for PBXNativeTarget "flag raising" */;
			buildPhases = (
				3703E8262A3DC81A003BC52F /* Sources */,
				3703E8272A3DC81A003BC52F /* Frameworks */,
				3703E8282A3DC81A003BC52F /* Resources */,
			);
			buildRules = (
			);
			dependencies = (
			);
			name = "flag raising";
			productName = "flag raising";
			productReference = 3703E82A2A3DC81A003BC52F /* flag raising.app */;
			productType = "com.apple.product-type.application";
		};
		3703E83A2A3DC81C003BC52F /* flag raisingTests */ = {
			isa = PBXNativeTarget;
			buildConfigurationList = 3703E8522A3DC81C003BC52F /* Build configuration list for PBXNativeTarget "flag raisingTests" */;
			buildPhases = (
				3703E8372A3DC81C003BC52F /* Sources */,
				3703E8382A3DC81C003BC52F /* Frameworks */,
				3703E8392A3DC81C003BC52F /* Resources */,
			);
			buildRules = (
			);
			dependencies = (
				3703E83D2A3DC81C003BC52F /* PBXTargetDependency */,
			);
			name = "flag raisingTests";
			productName = "flag raisingTests";
			productReference = 3703E83B2A3DC81C003BC52F /* flag raisingTests.xctest */;
			productType = "com.apple.product-type.bundle.unit-test";
		};
		3703E8442A3DC81C003BC52F /* flag raisingUITests */ = {
			isa = PBXNativeTarget;
			buildConfigurationList = 3703E8552A3DC81C003BC52F /* Build configuration list for PBXNativeTarget "flag raisingUITests" */;
			buildPhases = (
				3703E8412A3DC81C003BC52F /* Sources */,
				3703E8422A3DC81C003BC52F /* Frameworks */,
				3703E8432A3DC81C003BC52F /* Resources */,
			);
			buildRules = (
			);
			dependencies = (
				3703E8472A3DC81C003BC52F /* PBXTargetDependency */,
			);
			name = "flag raisingUITests";
			productName = "flag raisingUITests";
			productReference = 3703E8452A3DC81C003BC52F /* flag raisingUITests.xctest */;
			productType = "com.apple.product-type.bundle.ui-testing";
		};
/* End PBXNativeTarget section */

/* Begin PBXProject section */
		3703E8222A3DC81A003BC52F /* Project object */ = {
			isa = PBXProject;
			attributes = {
				BuildIndependentTargetsInParallel = 1;
				LastSwiftUpdateCheck = 1430;
				LastUpgradeCheck = 1430;
				TargetAttributes = {
					3703E8292A3DC81A003BC52F = {
						CreatedOnToolsVersion = 14.3.1;
					};
					3703E83A2A3DC81C003BC52F = {
						CreatedOnToolsVersion = 14.3.1;
						TestTargetID = 3703E8292A3DC81A003BC52F;
					};
					3703E8442A3DC81C003BC52F = {
						CreatedOnToolsVersion = 14.3.1;
						TestTargetID = 3703E8292A3DC81A003BC52F;
					};
				};
			};
			buildConfigurationList = 3703E8252A3DC81A003BC52F /* Build configuration list for PBXProject "flag raising" */;
			compatibilityVersion = "Xcode 14.0";
			developmentRegion = en;
			hasScannedForEncodings = 0;
			knownRegions = (
				en,
				Base,
			);
			mainGroup = 3703E8212A3DC81A003BC52F;
			productRefGroup = 3703E82B2A3DC81A003BC52F /* Products */;
			projectDirPath = "";
			projectRoot = "";
			targets = (
				3703E8292A3DC81A003BC52F /* flag raising */,
				3703E83A2A3DC81C003BC52F /* flag raisingTests */,
				3703E8442A3DC81C003BC52F /* flag raisingUITests */,
			);
		};
/* End PBXProject section */

/* Begin PBXResourcesBuildPhase section */
		3703E8282A3DC81A003BC52F /* Resources */ = {
			isa = PBXResourcesBuildPhase;
			buildActionMask = 2147483647;
			files = (
				3703E8362A3DC81C003BC52F /* Preview Assets.xcassets in Resources */,
				3703E8322A3DC81C003BC52F /* Assets.xcassets in Resources */,
			);
			runOnlyForDeploymentPostprocessing = 0;
		};
		3703E8392A3DC81C003BC52F /* Resources */ = {
			isa = PBXResourcesBuildPhase;
			buildActionMask = 2147483647;
			files = (
			);
			runOnlyForDeploymentPostprocessing = 0;
		};
		3703E8432A3DC81C003BC52F /* Resources */ = {
			isa = PBXResourcesBuildPhase;
			buildActionMask = 2147483647;
			files = (
			);
			runOnlyForDeploymentPostprocessing = 0;
		};
/* End PBXResourcesBuildPhase section */

/* Begin PBXSourcesBuildPhase section */
		3703E8262A3DC81A003BC52F /* Sources */ = {
			isa = PBXSourcesBuildPhase;
			buildActionMask = 2147483647;
			files = (
				3703E8302A3DC81A003BC52F /* ContentView.swift in Sources */,
				3703E82E2A3DC81A003BC52F /* flag_raisingApp.swift in Sources */,
			);
			runOnlyForDeploymentPostprocessing = 0;
		};
		3703E8372A3DC81C003BC52F /* Sources */ = {
			isa = PBXSourcesBuildPhase;
			buildActionMask = 2147483647;
			files = (
				3703E8402A3DC81C003BC52F /* flag_raisingTests.swift in Sources */,
			);
			runOnlyForDeploymentPostprocessing = 0;
		};
		3703E8412A3DC81C003BC52F /* Sources */ = {
			isa = PBXSourcesBuildPhase;
			buildActionMask = 2147483647;
			files = (
				3703E84C2A3DC81C003BC52F /* flag_raisingUITestsLaunchTests.swift in Sources */,
				3703E84A2A3DC81C003BC52F /* flag_raisingUITests.swift in Sources */,
			);
			runOnlyForDeploymentPostprocessing = 0;
		};
/* End PBXSourcesBuildPhase section */

/* Begin PBXTargetDependency section */
		3703E83D2A3DC81C003BC52F /* PBXTargetDependency */ = {
			isa = PBXTargetDependency;
			target = 3703E8292A3DC81A003BC52F /* flag raising */;
			targetProxy = 3703E83C2A3DC81C003BC52F /* PBXContainerItemProxy */;
		};
		3703E8472A3DC81C003BC52F /* PBXTargetDependency */ = {
			isa = PBXTargetDependency;
			target = 3703E8292A3DC81A003BC52F /* flag raising */;
			targetProxy = 3703E8462A3DC81C003BC52F /* PBXContainerItemProxy */;
		};
/* End PBXTargetDependency section */

/* Begin XCBuildConfiguration section */
		3703E84D2A3DC81C003BC52F /* Debug */ = {
			isa = XCBuildConfiguration;
			buildSettings = {
				ALWAYS_SEARCH_USER_PATHS = NO;
				CLANG_ANALYZER_NONNULL = YES;
				CLANG_ANALYZER_NUMBER_OBJECT_CONVERSION = YES_AGGRESSIVE;
				CLANG_CXX_LANGUAGE_STANDARD = "gnu++20";
				CLANG_ENABLE_MODULES = YES;
				CLANG_ENABLE_OBJC_ARC = YES;
				CLANG_ENABLE_OBJC_WEAK = YES;
				CLANG_WARN_BLOCK_CAPTURE_AUTORELEASING = YES;
				CLANG_WARN_BOOL_CONVERSION = YES;
				CLANG_WARN_COMMA = YES;
				CLANG_WARN_CONSTANT_CONVERSION = YES;
				CLANG_WARN_DEPRECATED_OBJC_IMPLEMENTATIONS = YES;
				CLANG_WARN_DIRECT_OBJC_ISA_USAGE = YES_ERROR;
				CLANG_WARN_DOCUMENTATION_COMMENTS = YES;
				CLANG_WARN_EMPTY_BODY = YES;
				CLANG_WARN_ENUM_CONVERSION = YES;
				CLANG_WARN_INFINITE_RECURSION = YES;
				CLANG_WARN_INT_CONVERSION = YES;
				CLANG_WARN_NON_LITERAL_NULL_CONVERSION = YES;
				CLANG_WARN_OBJC_IMPLICIT_RETAIN_SELF = YES;
				CLANG_WARN_OBJC_LITERAL_CONVERSION = YES;
				CLANG_WARN_OBJC_ROOT_CLASS = YES_ERROR;
				CLANG_WARN_QUOTED_INCLUDE_IN_FRAMEWORK_HEADER = YES;
				CLANG_WARN_RANGE_LOOP_ANALYSIS = YES;
				CLANG_WARN_STRICT_PROTOTYPES = YES;
				CLANG_WARN_SUSPICIOUS_MOVE = YES;
				CLANG_WARN_UNGUARDED_AVAILABILITY = YES_AGGRESSIVE;
				CLANG_WARN_UNREACHABLE_CODE = YES;
				CLANG_WARN__DUPLICATE_METHOD_MATCH = YES;
				COPY_PHASE_STRIP = NO;
				DEBUG_INFORMATION_FORMAT = dwarf;
				ENABLE_STRICT_OBJC_MSGSEND = YES;
				ENABLE_TESTABILITY = YES;
				GCC_C_LANGUAGE_STANDARD = gnu11;
				GCC_DYNAMIC_NO_PIC = NO;
				GCC_NO_COMMON_BLOCKS = YES;
				GCC_OPTIMIZATION_LEVEL = 0;
				GCC_PREPROCESSOR_DEFINITIONS = (
					"DEBUG=1",
					"$(inherited)",
				);
				GCC_WARN_64_TO_32_BIT_CONVERSION = YES;
				GCC_WARN_ABOUT_RETURN_TYPE = YES_ERROR;
				GCC_WARN_UNDECLARED_SELECTOR = YES;
				GCC_WARN_UNINITIALIZED_AUTOS = YES_AGGRESSIVE;
				GCC_WARN_UNUSED_FUNCTION = YES;
				GCC_WARN_UNUSED_VARIABLE = YES;
				MTL_ENABLE_DEBUG_INFO = INCLUDE_SOURCE;
				MTL_FAST_MATH = YES;
				ONLY_ACTIVE_ARCH = YES;
				SWIFT_ACTIVE_COMPILATION_CONDITIONS = DEBUG;
				SWIFT_OPTIMIZATION_LEVEL = "-Onone";
			};
			name = Debug;
		};
		3703E84E2A3DC81C003BC52F /* Release */ = {
			isa = XCBuildConfiguration;
			buildSettings = {
				ALWAYS_SEARCH_USER_PATHS = NO;
				CLANG_ANALYZER_NONNULL = YES;
				CLANG_ANALYZER_NUMBER_OBJECT_CONVERSION = YES_AGGRESSIVE;
				CLANG_CXX_LANGUAGE_STANDARD = "gnu++20";
				CLANG_ENABLE_MODULES = YES;
				CLANG_ENABLE_OBJC_ARC = YES;
				CLANG_ENABLE_OBJC_WEAK = YES;
				CLANG_WARN_BLOCK_CAPTURE_AUTORELEASING = YES;
				CLANG_WARN_BOOL_CONVERSION = YES;
				CLANG_WARN_COMMA = YES;
				CLANG_WARN_CONSTANT_CONVERSION = YES;
				CLANG_WARN_DEPRECATED_OBJC_IMPLEMENTATIONS = YES;
				CLANG_WARN_DIRECT_OBJC_ISA_USAGE = YES_ERROR;
				CLANG_WARN_DOCUMENTATION_COMMENTS = YES;
				CLANG_WARN_EMPTY_BODY = YES;
				CLANG_WARN_ENUM_CONVERSION = YES;
				CLANG_WARN_INFINITE_RECURSION = YES;
				CLANG_WARN_INT_CONVERSION = YES;
				CLANG_WARN_NON_LITERAL_NULL_CONVERSION = YES;
				CLANG_WARN_OBJC_IMPLICIT_RETAIN_SELF = YES;
				CLANG_WARN_OBJC_LITERAL_CONVERSION = YES;
				CLANG_WARN_OBJC_ROOT_CLASS = YES_ERROR;
				CLANG_WARN_QUOTED_INCLUDE_IN_FRAMEWORK_HEADER = YES;
				CLANG_WARN_RANGE_LOOP_ANALYSIS = YES;
				CLANG_WARN_STRICT_PROTOTYPES = YES;
				CLANG_WARN_SUSPICIOUS_MOVE = YES;
				CLANG_WARN_UNGUARDED_AVAILABILITY = YES_AGGRESSIVE;
				CLANG_WARN_UNREACHABLE_CODE = YES;
				CLANG_WARN__DUPLICATE_METHOD_MATCH = YES;
				COPY_PHASE_STRIP = NO;
				DEBUG_INFORMATION_FORMAT = "dwarf-with-dsym";
				ENABLE_NS_ASSERTIONS = NO;
				ENABLE_STRICT_OBJC_MSGSEND = YES;
				GCC_C_LANGUAGE_STANDARD = gnu11;
				GCC_NO_COMMON_BLOCKS = YES;
				GCC_WARN_64_TO_32_BIT_CONVERSION = YES;
				GCC_WARN_ABOUT_RETURN_TYPE = YES_ERROR;
				GCC_WARN_UNDECLARED_SELECTOR = YES;
				GCC_WARN_UNINITIALIZED_AUTOS = YES_AGGRESSIVE;
				GCC_WARN_UNUSED_FUNCTION = YES;
				GCC_WARN_UNUSED_VARIABLE = YES;
				MTL_ENABLE_DEBUG_INFO = NO;
				MTL_FAST_MATH = YES;
				SWIFT_COMPILATION_MODE = wholemodule;
				SWIFT_OPTIMIZATION_LEVEL = "-O";
			};
			name = Release;
		};
		3703E8502A3DC81C003BC52F /* Debug */ = {
			isa = XCBuildConfiguration;
			buildSettings = {
				ASSETCATALOG_COMPILER_APPICON_NAME = AppIcon;
				ASSETCATALOG_COMPILER_GLOBAL_ACCENT_COLOR_NAME = AccentColor;
				CODE_SIGN_ENTITLEMENTS = "flag raising/flag_raising.entitlements";
				CODE_SIGN_STYLE = Automatic;
				CURRENT_PROJECT_VERSION = 1;
				DEVELOPMENT_ASSET_PATHS = "\"flag raising/Preview Content\"";
				ENABLE_PREVIEWS = YES;
				GENERATE_INFOPLIST_FILE = YES;
				"INFOPLIST_KEY_UIApplicationSceneManifest_Generation[sdk=iphoneos*]" = YES;
				"INFOPLIST_KEY_UIApplicationSceneManifest_Generation[sdk=iphonesimulator*]" = YES;
				"INFOPLIST_KEY_UIApplicationSupportsIndirectInputEvents[sdk=iphoneos*]" = YES;
				"INFOPLIST_KEY_UIApplicationSupportsIndirectInputEvents[sdk=iphonesimulator*]" = YES;
				"INFOPLIST_KEY_UILaunchScreen_Generation[sdk=iphoneos*]" = YES;
				"INFOPLIST_KEY_UILaunchScreen_Generation[sdk=iphonesimulator*]" = YES;
				"INFOPLIST_KEY_UIStatusBarStyle[sdk=iphoneos*]" = UIStatusBarStyleDefault;
				"INFOPLIST_KEY_UIStatusBarStyle[sdk=iphonesimulator*]" = UIStatusBarStyleDefault;
				INFOPLIST_KEY_UISupportedInterfaceOrientations_iPad = "UIInterfaceOrientationPortrait UIInterfaceOrientationPortraitUpsideDown UIInterfaceOrientationLandscapeLeft UIInterfaceOrientationLandscapeRight";
				INFOPLIST_KEY_UISupportedInterfaceOrientations_iPhone = "UIInterfaceOrientationPortrait UIInterfaceOrientationLandscapeLeft UIInterfaceOrientationLandscapeRight";
				IPHONEOS_DEPLOYMENT_TARGET = 16.4;
				LD_RUNPATH_SEARCH_PATHS = "@executable_path/Frameworks";
				"LD_RUNPATH_SEARCH_PATHS[sdk=macosx*]" = "@executable_path/../Frameworks";
				MACOSX_DEPLOYMENT_TARGET = 13.3;
				MARKETING_VERSION = 1.0;
				PRODUCT_BUNDLE_IDENTIFIER = "com.Riter.flag-raising";
				PRODUCT_NAME = "$(TARGET_NAME)";
				SDKROOT = auto;
				SUPPORTED_PLATFORMS = "iphoneos iphonesimulator macosx";
				SWIFT_EMIT_LOC_STRINGS = YES;
				SWIFT_VERSION = 5.0;
				TARGETED_DEVICE_FAMILY = "1,2";
			};
			name = Debug;
		};
		3703E8512A3DC81C003BC52F /* Release */ = {
			isa = XCBuildConfiguration;
			buildSettings = {
				ASSETCATALOG_COMPILER_APPICON_NAME = AppIcon;
				ASSETCATALOG_COMPILER_GLOBAL_ACCENT_COLOR_NAME = AccentColor;
				CODE_SIGN_ENTITLEMENTS = "flag raising/flag_raising.entitlements";
				CODE_SIGN_STYLE = Automatic;
				CURRENT_PROJECT_VERSION = 1;
				DEVELOPMENT_ASSET_PATHS = "\"flag raising/Preview Content\"";
				ENABLE_PREVIEWS = YES;
				GENERATE_INFOPLIST_FILE = YES;
				"INFOPLIST_KEY_UIApplicationSceneManifest_Generation[sdk=iphoneos*]" = YES;
				"INFOPLIST_KEY_UIApplicationSceneManifest_Generation[sdk=iphonesimulator*]" = YES;
				"INFOPLIST_KEY_UIApplicationSupportsIndirectInputEvents[sdk=iphoneos*]" = YES;
				"INFOPLIST_KEY_UIApplicationSupportsIndirectInputEvents[sdk=iphonesimulator*]" = YES;
				"INFOPLIST_KEY_UILaunchScreen_Generation[sdk=iphoneos*]" = YES;
				"INFOPLIST_KEY_UILaunchScreen_Generation[sdk=iphonesimulator*]" = YES;
				"INFOPLIST_KEY_UIStatusBarStyle[sdk=iphoneos*]" = UIStatusBarStyleDefault;
				"INFOPLIST_KEY_UIStatusBarStyle[sdk=iphonesimulator*]" = UIStatusBarStyleDefault;
				INFOPLIST_KEY_UISupportedInterfaceOrientations_iPad = "UIInterfaceOrientationPortrait UIInterfaceOrientationPortraitUpsideDown UIInterfaceOrientationLandscapeLeft UIInterfaceOrientationLandscapeRight";
				INFOPLIST_KEY_UISupportedInterfaceOrientations_iPhone = "UIInterfaceOrientationPortrait UIInterfaceOrientationLandscapeLeft UIInterfaceOrientationLandscapeRight";
				IPHONEOS_DEPLOYMENT_TARGET = 16.4;
				LD_RUNPATH_SEARCH_PATHS = "@executable_path/Frameworks";
				"LD_RUNPATH_SEARCH_PATHS[sdk=macosx*]" = "@executable_path/../Frameworks";
				MACOSX_DEPLOYMENT_TARGET = 13.3;
				MARKETING_VERSION = 1.0;
				PRODUCT_BUNDLE_IDENTIFIER = "com.Riter.flag-raising";
				PRODUCT_NAME = "$(TARGET_NAME)";
				SDKROOT = auto;
				SUPPORTED_PLATFORMS = "iphoneos iphonesimulator macosx";
				SWIFT_EMIT_LOC_STRINGS = YES;
				SWIFT_VERSION = 5.0;
				TARGETED_DEVICE_FAMILY = "1,2";
			};
			name = Release;
		};
		3703E8532A3DC81C003BC52F /* Debug */ = {
			isa = XCBuildConfiguration;
			buildSettings = {
				ALWAYS_EMBED_SWIFT_STANDARD_LIBRARIES = YES;
				BUNDLE_LOADER = "$(TEST_HOST)";
				CODE_SIGN_STYLE = Automatic;
				CURRENT_PROJECT_VERSION = 1;
				GENERATE_INFOPLIST_FILE = YES;
				IPHONEOS_DEPLOYMENT_TARGET = 16.4;
				MACOSX_DEPLOYMENT_TARGET = 13.3;
				MARKETING_VERSION = 1.0;
				PRODUCT_BUNDLE_IDENTIFIER = "com.Riter.flag-raisingTests";
				PRODUCT_NAME = "$(TARGET_NAME)";
				SDKROOT = auto;
				SUPPORTED_PLATFORMS = "iphoneos iphonesimulator macosx";
				SWIFT_EMIT_LOC_STRINGS = NO;
				SWIFT_VERSION = 5.0;
				TARGETED_DEVICE_FAMILY = "1,2";
				TEST_HOST = "$(BUILT_PRODUCTS_DIR)/flag raising.app/$(BUNDLE_EXECUTABLE_FOLDER_PATH)/flag raising";
			};
			name = Debug;
		};
		3703E8542A3DC81C003BC52F /* Release */ = {
			isa = XCBuildConfiguration;
			buildSettings = {
				ALWAYS_EMBED_SWIFT_STANDARD_LIBRARIES = YES;
				BUNDLE_LOADER = "$(TEST_HOST)";
				CODE_SIGN_STYLE = Automatic;
				CURRENT_PROJECT_VERSION = 1;
				GENERATE_INFOPLIST_FILE = YES;
				IPHONEOS_DEPLOYMENT_TARGET = 16.4;
				MACOSX_DEPLOYMENT_TARGET = 13.3;
				MARKETING_VERSION = 1.0;
				PRODUCT_BUNDLE_IDENTIFIER = "com.Riter.flag-raisingTests";
				PRODUCT_NAME = "$(TARGET_NAME)";
				SDKROOT = auto;
				SUPPORTED_PLATFORMS = "iphoneos iphonesimulator macosx";
				SWIFT_EMIT_LOC_STRINGS = NO;
				SWIFT_VERSION = 5.0;
				TARGETED_DEVICE_FAMILY = "1,2";
				TEST_HOST = "$(BUILT_PRODUCTS_DIR)/flag raising.app/$(BUNDLE_EXECUTABLE_FOLDER_PATH)/flag raising";
			};
			name = Release;
		};
		3703E8562A3DC81C003BC52F /* Debug */ = {
			isa = XCBuildConfiguration;
			buildSettings = {
				ALWAYS_EMBED_SWIFT_STANDARD_LIBRARIES = YES;
				CODE_SIGN_STYLE = Automatic;
				CURRENT_PROJECT_VERSION = 1;
				GENERATE_INFOPLIST_FILE = YES;
				IPHONEOS_DEPLOYMENT_TARGET = 16.4;
				MACOSX_DEPLOYMENT_TARGET = 13.3;
				MARKETING_VERSION = 1.0;
				PRODUCT_BUNDLE_IDENTIFIER = "com.Riter.flag-raisingUITests";
				PRODUCT_NAME = "$(TARGET_NAME)";
				SDKROOT = auto;
				SUPPORTED_PLATFORMS = "iphoneos iphonesimulator macosx";
				SWIFT_EMIT_LOC_STRINGS = NO;
				SWIFT_VERSION = 5.0;
				TARGETED_DEVICE_FAMILY = "1,2";
				TEST_TARGET_NAME = "flag raising";
			};
			name = Debug;
		};
		3703E8572A3DC81C003BC52F /* Release */ = {
			isa = XCBuildConfiguration;
			buildSettings = {
				ALWAYS_EMBED_SWIFT_STANDARD_LIBRARIES = YES;
				CODE_SIGN_STYLE = Automatic;
				CURRENT_PROJECT_VERSION = 1;
				GENERATE_INFOPLIST_FILE = YES;
				IPHONEOS_DEPLOYMENT_TARGET = 16.4;
				MACOSX_DEPLOYMENT_TARGET = 13.3;
				MARKETING_VERSION = 1.0;
				PRODUCT_BUNDLE_IDENTIFIER = "com.Riter.flag-raisingUITests";
				PRODUCT_NAME = "$(TARGET_NAME)";
				SDKROOT = auto;
				SUPPORTED_PLATFORMS = "iphoneos iphonesimulator macosx";
				SWIFT_EMIT_LOC_STRINGS = NO;
				SWIFT_VERSION = 5.0;
				TARGETED_DEVICE_FAMILY = "1,2";
				TEST_TARGET_NAME = "flag raising";
			};
			name = Release;
		};
/* End XCBuildConfiguration section */

/* Begin XCConfigurationList section */
		3703E8252A3DC81A003BC52F /* Build configuration list for PBXProject "flag raising" */ = {
			isa = XCConfigurationList;
			buildConfigurations = (
				3703E84D2A3DC81C003BC52F /* Debug */,
				3703E84E2A3DC81C003BC52F /* Release */,
			);
			defaultConfigurationIsVisible = 0;
			defaultConfigurationName = Release;
		};
		3703E84F2A3DC81C003BC52F /* Build configuration list for PBXNativeTarget "flag raising" */ = {
			isa = XCConfigurationList;
			buildConfigurations = (
				3703E8502A3DC81C003BC52F /* Debug */,
				3703E8512A3DC81C003BC52F /* Release */,
			);
			defaultConfigurationIsVisible = 0;
			defaultConfigurationName = Release;
		};
		3703E8522A3DC81C003BC52F /* Build configuration list for PBXNativeTarget "flag raisingTests" */ = {
			isa = XCConfigurationList;
			buildConfigurations = (
				3703E8532A3DC81C003BC52F /* Debug */,
				3703E8542A3DC81C003BC52F /* Release */,
			);
			defaultConfigurationIsVisible = 0;
			defaultConfigurationName = Release;
		};
		3703E8552A3DC81C003BC52F /* Build configuration list for PBXNativeTarget "flag raisingUITests" */ = {
			isa = XCConfigurationList;
			buildConfigurations = (
				3703E8562A3DC81C003BC52F /* Debug */,
				3703E8572A3DC81C003BC52F /* Release */,
			);
			defaultConfigurationIsVisible = 0;
			defaultConfigurationName = Release;
		};
/* End XCConfigurationList section */
	};
	rootObject = 3703E8222A3DC81A003BC52F /* Project object */;
}
